// !$*UTF8*$!
{
	archiveVersion = 1;
	classes = {
	};
	objectVersion = 50;
	objects = {

/* Begin PBXBuildFile section */
		C1FF2028235798D1000476ED /* AppDelegate.m in Sources */ = {isa = PBXBuildFile; fileRef = C1FF2027235798D1000476ED /* AppDelegate.m */; };
		C1FF202B235798D1000476ED /* SceneDelegate.m in Sources */ = {isa = PBXBuildFile; fileRef = C1FF202A235798D1000476ED /* SceneDelegate.m */; };
		C1FF202E235798D1000476ED /* ViewController.m in Sources */ = {isa = PBXBuildFile; fileRef = C1FF202D235798D1000476ED /* ViewController.m */; };
		C1FF2031235798D1000476ED /* Main.storyboard in Resources */ = {isa = PBXBuildFile; fileRef = C1FF202F235798D1000476ED /* Main.storyboard */; };
		C1FF2033235798D2000476ED /* Assets.xcassets in Resources */ = {isa = PBXBuildFile; fileRef = C1FF2032235798D2000476ED /* Assets.xcassets */; };
		C1FF2036235798D2000476ED /* LaunchScreen.storyboard in Resources */ = {isa = PBXBuildFile; fileRef = C1FF2034235798D2000476ED /* LaunchScreen.storyboard */; };
		C1FF2039235798D2000476ED /* main.m in Sources */ = {isa = PBXBuildFile; fileRef = C1FF2038235798D2000476ED /* main.m */; };
/* End PBXBuildFile section */

/* Begin PBXFileReference section */
		C1FF2023235798D1000476ED /* DAM_IOS_Calculadora.app */ = {isa = PBXFileReference; explicitFileType = wrapper.application; includeInIndex = 0; path = DAM_IOS_Calculadora.app; sourceTree = BUILT_PRODUCTS_DIR; };
		C1FF2026235798D1000476ED /* AppDelegate.h */ = {isa = PBXFileReference; lastKnownFileType = sourcecode.c.h; path = AppDelegate.h; sourceTree = "<group>"; };
		C1FF2027235798D1000476ED /* AppDelegate.m */ = {isa = PBXFileReference; lastKnownFileType = sourcecode.c.objc; path = AppDelegate.m; sourceTree = "<group>"; };
		C1FF2029235798D1000476ED /* SceneDelegate.h */ = {isa = PBXFileReference; lastKnownFileType = sourcecode.c.h; path = SceneDelegate.h; sourceTree = "<group>"; };
		C1FF202A235798D1000476ED /* SceneDelegate.m */ = {isa = PBXFileReference; lastKnownFileType = sourcecode.c.objc; path = SceneDelegate.m; sourceTree = "<group>"; };
		C1FF202C235798D1000476ED /* ViewController.h */ = {isa = PBXFileReference; lastKnownFileType = sourcecode.c.h; path = ViewController.h; sourceTree = "<group>"; };
		C1FF202D235798D1000476ED /* ViewController.m */ = {isa = PBXFileReference; lastKnownFileType = sourcecode.c.objc; path = ViewController.m; sourceTree = "<group>"; };
		C1FF2030235798D1000476ED /* Base */ = {isa = PBXFileReference; lastKnownFileType = file.storyboard; name = Base; path = Base.lproj/Main.storyboard; sourceTree = "<group>"; };
		C1FF2032235798D2000476ED /* Assets.xcassets */ = {isa = PBXFileReference; lastKnownFileType = folder.assetcatalog; path = Assets.xcassets; sourceTree = "<group>"; };
		C1FF2035235798D2000476ED /* Base */ = {isa = PBXFileReference; lastKnownFileType = file.storyboard; name = Base; path = Base.lproj/LaunchScreen.storyboard; sourceTree = "<group>"; };
		C1FF2037235798D2000476ED /* Info.plist */ = {isa = PBXFileReference; lastKnownFileType = text.plist.xml; path = Info.plist; sourceTree = "<group>"; };
		C1FF2038235798D2000476ED /* main.m */ = {isa = PBXFileReference; lastKnownFileType = sourcecode.c.objc; path = main.m; sourceTree = "<group>"; };
/* End PBXFileReference section */

/* Begin PBXFrameworksBuildPhase section */
		C1FF2020235798D1000476ED /* Frameworks */ = {
			isa = PBXFrameworksBuildPhase;
			buildActionMask = 2147483647;
			files = (
			);
			runOnlyForDeploymentPostprocessing = 0;
		};
/* End PBXFrameworksBuildPhase section */

/* Begin PBXGroup section */
		C1FF201A235798D1000476ED = {
			isa = PBXGroup;
			children = (
				C1FF2025235798D1000476ED /* DAM_IOS_Calculadora */,
				C1FF2024235798D1000476ED /* Products */,
			);
			sourceTree = "<group>";
		};
		C1FF2024235798D1000476ED /* Products */ = {
			isa = PBXGroup;
			children = (
				C1FF2023235798D1000476ED /* DAM_IOS_Calculadora.app */,
			);
			name = Products;
			sourceTree = "<group>";
		};
		C1FF2025235798D1000476ED /* DAM_IOS_Calculadora */ = {
			isa = PBXGroup;
			children = (
				C1FF2026235798D1000476ED /* AppDelegate.h */,
				C1FF2027235798D1000476ED /* AppDelegate.m */,
				C1FF2029235798D1000476ED /* SceneDelegate.h */,
				C1FF202A235798D1000476ED /* SceneDelegate.m */,
				C1FF202C235798D1000476ED /* ViewController.h */,
				C1FF202D235798D1000476ED /* ViewController.m */,
				C1FF202F235798D1000476ED /* Main.storyboard */,
				C1FF2032235798D2000476ED /* Assets.xcassets */,
				C1FF2034235798D2000476ED /* LaunchScreen.storyboard */,
				C1FF2037235798D2000476ED /* Info.plist */,
				C1FF2038235798D2000476ED /* main.m */,
			);
			path = DAM_IOS_Calculadora;
			sourceTree = "<group>";
		};
/* End PBXGroup section */

/* Begin PBXNativeTarget section */
		C1FF2022235798D1000476ED /* DAM_IOS_Calculadora */ = {
			isa = PBXNativeTarget;
			buildConfigurationList = C1FF203C235798D2000476ED /* Build configuration list for PBXNativeTarget "DAM_IOS_Calculadora" */;
			buildPhases = (
				C1FF201F235798D1000476ED /* Sources */,
				C1FF2020235798D1000476ED /* Frameworks */,
				C1FF2021235798D1000476ED /* Resources */,
			);
			buildRules = (
			);
			dependencies = (
			);
			name = DAM_IOS_Calculadora;
			productName = DAM_IOS_Calculadora;
			productReference = C1FF2023235798D1000476ED /* DAM_IOS_Calculadora.app */;
			productType = "com.apple.product-type.application";
		};
/* End PBXNativeTarget section */

/* Begin PBXProject section */
		C1FF201B235798D1000476ED /* Project object */ = {
			isa = PBXProject;
			attributes = {
				LastUpgradeCheck = 1100;
				ORGANIZATIONNAME = "Raul Ramirez";
				TargetAttributes = {
					C1FF2022235798D1000476ED = {
						CreatedOnToolsVersion = 11.0;
					};
				};
			};
			buildConfigurationList = C1FF201E235798D1000476ED /* Build configuration list for PBXProject "DAM_IOS_Calculadora" */;
			compatibilityVersion = "Xcode 9.3";
			developmentRegion = en;
			hasScannedForEncodings = 0;
			knownRegions = (
				en,
				Base,
			);
			mainGroup = C1FF201A235798D1000476ED;
			productRefGroup = C1FF2024235798D1000476ED /* Products */;
			projectDirPath = "";
			projectRoot = "";
			targets = (
				C1FF2022235798D1000476ED /* DAM_IOS_Calculadora */,
			);
		};
/* End PBXProject section */

/* Begin PBXResourcesBuildPhase section */
		C1FF2021235798D1000476ED /* Resources */ = {
			isa = PBXResourcesBuildPhase;
			buildActionMask = 2147483647;
			files = (
				C1FF2036235798D2000476ED /* LaunchScreen.storyboard in Resources */,
				C1FF2033235798D2000476ED /* Assets.xcassets in Resources */,
				C1FF2031235798D1000476ED /* Main.storyboard in Resources */,
			);
			runOnlyForDeploymentPostprocessing = 0;
		};
/* End PBXResourcesBuildPhase section */

/* Begin PBXSourcesBuildPhase section */
		C1FF201F235798D1000476ED /* Sources */ = {
			isa = PBXSourcesBuildPhase;
			buildActionMask = 2147483647;
			files = (
				C1FF202E235798D1000476ED /* ViewController.m in Sources */,
				C1FF2028235798D1000476ED /* AppDelegate.m in Sources */,
				C1FF2039235798D2000476ED /* main.m in Sources */,
				C1FF202B235798D1000476ED /* SceneDelegate.m in Sources */,
			);
			runOnlyForDeploymentPostprocessing = 0;
		};
/* End PBXSourcesBuildPhase section */

/* Begin PBXVariantGroup section */
		C1FF202F235798D1000476ED /* Main.storyboard */ = {
			isa = PBXVariantGroup;
			children = (
				C1FF2030235798D1000476ED /* Base */,
			);
			name = Main.storyboard;
			sourceTree = "<group>";
		};
		C1FF2034235798D2000476ED /* LaunchScreen.storyboard */ = {
			isa = PBXVariantGroup;
			children = (
				C1FF2035235798D2000476ED /* Base */,
			);
			name = LaunchScreen.storyboard;
			sourceTree = "<group>";
		};
/* End PBXVariantGroup section */

/* Begin XCBuildConfiguration section */
		C1FF203A235798D2000476ED /* Debug */ = {
			isa = XCBuildConfiguration;
			buildSettings = {
				ALWAYS_SEARCH_USER_PATHS = NO;
				CLANG_ANALYZER_NONNULL = YES;
				CLANG_ANALYZER_NUMBER_OBJECT_CONVERSION = YES_AGGRESSIVE;
				CLANG_CXX_LANGUAGE_STANDARD = "gnu++14";
				CLANG_CXX_LIBRARY = "libc++";
				CLANG_ENABLE_MODULES = YES;
				CLANG_ENABLE_OBJC_ARC = YES;
				CLANG_ENABLE_OBJC_WEAK = YES;
				CLANG_WARN_BLOCK_CAPTURE_AUTORELEASING = YES;
				CLANG_WARN_BOOL_CONVERSION = YES;
				CLANG_WARN_COMMA = YES;
				CLANG_WARN_CONSTANT_CONVERSION = YES;
				CLANG_WARN_DEPRECATED_OBJC_IMPLEMENTATIONS = YES;
				CLANG_WARN_DIRECT_OBJC_ISA_USAGE = YES_ERROR;
				CLANG_WARN_DOCUMENTATION_COMMENTS = YES;
				CLANG_WARN_EMPTY_BODY = YES;
				CLANG_WARN_ENUM_CONVERSION = YES;
				CLANG_WARN_INFINITE_RECURSION = YES;
				CLANG_WARN_INT_CONVERSION = YES;
				CLANG_WARN_NON_LITERAL_NULL_CONVERSION = YES;
				CLANG_WARN_OBJC_IMPLICIT_RETAIN_SELF = YES;
				CLANG_WARN_OBJC_LITERAL_CONVERSION = YES;
				CLANG_WARN_OBJC_ROOT_CLASS = YES_ERROR;
				CLANG_WARN_RANGE_LOOP_ANALYSIS = YES;
				CLANG_WARN_STRICT_PROTOTYPES = YES;
				CLANG_WARN_SUSPICIOUS_MOVE = YES;
				CLANG_WARN_UNGUARDED_AVAILABILITY = YES_AGGRESSIVE;
				CLANG_WARN_UNREACHABLE_CODE = YES;
				CLANG_WARN__DUPLICATE_METHOD_MATCH = YES;
				COPY_PHASE_STRIP = NO;
				DEBUG_INFORMATION_FORMAT = dwarf;
				ENABLE_STRICT_OBJC_MSGSEND = YES;
				ENABLE_TESTABILITY = YES;
				GCC_C_LANGUAGE_STANDARD = gnu11;
				GCC_DYNAMIC_NO_PIC = NO;
				GCC_NO_COMMON_BLOCKS = YES;
				GCC_OPTIMIZATION_LEVEL = 0;
				GCC_PREPROCESSOR_DEFINITIONS = (
					"DEBUG=1",
					"$(inherited)",
				);
				GCC_WARN_64_TO_32_BIT_CONVERSION = YES;
				GCC_WARN_ABOUT_RETURN_TYPE = YES_ERROR;
				GCC_WARN_UNDECLARED_SELECTOR = YES;
				GCC_WARN_UNINITIALIZED_AUTOS = YES_AGGRESSIVE;
				GCC_WARN_UNUSED_FUNCTION = YES;
				GCC_WARN_UNUSED_VARIABLE = YES;
				IPHONEOS_DEPLOYMENT_TARGET = 13.0;
				MTL_ENABLE_DEBUG_INFO = INCLUDE_SOURCE;
				MTL_FAST_MATH = YES;
				ONLY_ACTIVE_ARCH = YES;
				SDKROOT = iphoneos;
			};
			name = Debug;
		};
		C1FF203B235798D2000476ED /* Release */ = {
			isa = XCBuildConfiguration;
			buildSettings = {
				ALWAYS_SEARCH_USER_PATHS = NO;
				CLANG_ANALYZER_NONNULL = YES;
				CLANG_ANALYZER_NUMBER_OBJECT_CONVERSION = YES_AGGRESSIVE;
				CLANG_CXX_LANGUAGE_STANDARD = "gnu++14";
				CLANG_CXX_LIBRARY = "libc++";
				CLANG_ENABLE_MODULES = YES;
				CLANG_ENABLE_OBJC_ARC = YES;
				CLANG_ENABLE_OBJC_WEAK = YES;
				CLANG_WARN_BLOCK_CAPTURE_AUTORELEASING = YES;
				CLANG_WARN_BOOL_CONVERSION = YES;
				CLANG_WARN_COMMA = YES;
				CLANG_WARN_CONSTANT_CONVERSION = YES;
				CLANG_WARN_DEPRECATED_OBJC_IMPLEMENTATIONS = YES;
				CLANG_WARN_DIRECT_OBJC_ISA_USAGE = YES_ERROR;
				CLANG_WARN_DOCUMENTATION_COMMENTS = YES;
				CLANG_WARN_EMPTY_BODY = YES;
				CLANG_WARN_ENUM_CONVERSION = YES;
				CLANG_WARN_INFINITE_RECURSION = YES;
				CLANG_WARN_INT_CONVERSION = YES;
				CLANG_WARN_NON_LITERAL_NULL_CONVERSION = YES;
				CLANG_WARN_OBJC_IMPLICIT_RETAIN_SELF = YES;
				CLANG_WARN_OBJC_LITERAL_CONVERSION = YES;
				CLANG_WARN_OBJC_ROOT_CLASS = YES_ERROR;
				CLANG_WARN_RANGE_LOOP_ANALYSIS = YES;
				CLANG_WARN_STRICT_PROTOTYPES = YES;
				CLANG_WARN_SUSPICIOUS_MOVE = YES;
				CLANG_WARN_UNGUARDED_AVAILABILITY = YES_AGGRESSIVE;
				CLANG_WARN_UNREACHABLE_CODE = YES;
				CLANG_WARN__DUPLICATE_METHOD_MATCH = YES;
				COPY_PHASE_STRIP = NO;
				DEBUG_INFORMATION_FORMAT = "dwarf-with-dsym";
				ENABLE_NS_ASSERTIONS = NO;
				ENABLE_STRICT_OBJC_MSGSEND = YES;
				GCC_C_LANGUAGE_STANDARD = gnu11;
				GCC_NO_COMMON_BLOCKS = YES;
				GCC_WARN_64_TO_32_BIT_CONVERSION = YES;
				GCC_WARN_ABOUT_RETURN_TYPE = YES_ERROR;
				GCC_WARN_UNDECLARED_SELECTOR = YES;
				GCC_WARN_UNINITIALIZED_AUTOS = YES_AGGRESSIVE;
				GCC_WARN_UNUSED_FUNCTION = YES;
				GCC_WARN_UNUSED_VARIABLE = YES;
				IPHONEOS_DEPLOYMENT_TARGET = 13.0;
				MTL_ENABLE_DEBUG_INFO = NO;
				MTL_FAST_MATH = YES;
				SDKROOT = iphoneos;
				VALIDATE_PRODUCT = YES;
			};
			name = Release;
		};
		C1FF203D235798D2000476ED /* Debug */ = {
			isa = XCBuildConfiguration;
			buildSettings = {
				ASSETCATALOG_COMPILER_APPICON_NAME = AppIcon;
				CODE_SIGN_STYLE = Automatic;
				INFOPLIST_FILE = DAM_IOS_Calculadora/Info.plist;
				LD_RUNPATH_SEARCH_PATHS = (
					"$(inherited)",
					"@executable_path/Frameworks",
				);
				PRODUCT_BUNDLE_IDENTIFIER = "escuela.estech.DAM-IOS-Calculadora";
				PRODUCT_NAME = "$(TARGET_NAME)";
				TARGETED_DEVICE_FAMILY = "1,2";
			};
			name = Debug;
		};
		C1FF203E235798D2000476ED /* Release */ = {
			isa = XCBuildConfiguration;
			buildSettings = {
				ASSETCATALOG_COMPILER_APPICON_NAME = AppIcon;
				CODE_SIGN_STYLE = Automatic;
				INFOPLIST_FILE = DAM_IOS_Calculadora/Info.plist;
				LD_RUNPATH_SEARCH_PATHS = (
					"$(inherited)",
					"@executable_path/Frameworks",
				);
				PRODUCT_BUNDLE_IDENTIFIER = "escuela.estech.DAM-IOS-Calculadora";
				PRODUCT_NAME = "$(TARGET_NAME)";
				TARGETED_DEVICE_FAMILY = "1,2";
			};
			name = Release;
		};
/* End XCBuildConfiguration section */

/* Begin XCConfigurationList section */
		C1FF201E235798D1000476ED /* Build configuration list for PBXProject "DAM_IOS_Calculadora" */ = {
			isa = XCConfigurationList;
			buildConfigurations = (
				C1FF203A235798D2000476ED /* Debug */,
				C1FF203B235798D2000476ED /* Release */,
			);
			defaultConfigurationIsVisible = 0;
			defaultConfigurationName = Release;
		};
		C1FF203C235798D2000476ED /* Build configuration list for PBXNativeTarget "DAM_IOS_Calculadora" */ = {
			isa = XCConfigurationList;
			buildConfigurations = (
				C1FF203D235798D2000476ED /* Debug */,
				C1FF203E235798D2000476ED /* Release */,
			);
			defaultConfigurationIsVisible = 0;
			defaultConfigurationName = Release;
		};
/* End XCConfigurationList section */
	};
	rootObject = C1FF201B235798D1000476ED /* Project object */;
}
